
Microsoft Visual Studio Solution File, Format Version 12.00
# Visual Studio Version 17
VisualStudioVersion = 17.11.35222.181
MinimumVisualStudioVersion = 10.0.40219.1
Project("{FAE04EC0-301F-11D3-BF4B-00C04F79EFBC}") = "CalcularPotencia", "CalcularPotencia\CalcularPotencia.csproj", "{40DF9A41-B356-472B-A315-460DC3F4EAD6}"
EndProject
Global
	GlobalSection(SolutionConfigurationPlatforms) = preSolution
		Debug|Any CPU = Debug|Any CPU
		Release|Any CPU = Release|Any CPU
	EndGlobalSection
	GlobalSection(ProjectConfigurationPlatforms) = postSolution
		{40DF9A41-B356-472B-A315-460DC3F4EAD6}.Debug|Any CPU.ActiveCfg = Debug|Any CPU
		{40DF9A41-B356-472B-A315-460DC3F4EAD6}.Debug|Any CPU.Build.0 = Debug|Any CPU
		{40DF9A41-B356-472B-A315-460DC3F4EAD6}.Release|Any CPU.ActiveCfg = Release|Any CPU
		{40DF9A41-B356-472B-A315-460DC3F4EAD6}.Release|Any CPU.Build.0 = Release|Any CPU
	EndGlobalSection
	GlobalSection(SolutionProperties) = preSolution
		HideSolutionNode = FALSE
	EndGlobalSection
	GlobalSection(ExtensibilityGlobals) = postSolution
		SolutionGuid = {D7B89F53-9E37-484F-90D4-DCAF1986364E}
	EndGlobalSection
EndGlobal
